
Microsoft Visual Studio Solution File, Format Version 12.00
# Visual Studio Version 17
VisualStudioVersion = 17.5.33502.453
MinimumVisualStudioVersion = 10.0.40219.1
Project("{9A19103F-16F7-4668-BE54-9A1E7A4F7556}") = "EmailFunction", "EmailFunction.csproj", "{6F351E74-2970-4243-B66E-57F17165F353}"
EndProject
Global
	GlobalSection(SolutionConfigurationPlatforms) = preSolution
		Debug|Any CPU = Debug|Any CPU
		Release|Any CPU = Release|Any CPU
	EndGlobalSection
	GlobalSection(ProjectConfigurationPlatforms) = postSolution
		{6F351E74-2970-4243-B66E-57F17165F353}.Debug|Any CPU.ActiveCfg = Debug|Any CPU
		{6F351E74-2970-4243-B66E-57F17165F353}.Debug|Any CPU.Build.0 = Debug|Any CPU
		{6F351E74-2970-4243-B66E-57F17165F353}.Release|Any CPU.ActiveCfg = Release|Any CPU
		{6F351E74-2970-4243-B66E-57F17165F353}.Release|Any CPU.Build.0 = Release|Any CPU
	EndGlobalSection
	GlobalSection(SolutionProperties) = preSolution
		HideSolutionNode = FALSE
	EndGlobalSection
	GlobalSection(ExtensibilityGlobals) = postSolution
		SolutionGuid = {55239375-444B-4BD2-AE66-5767086A3265}
	EndGlobalSection
EndGlobal
